
Microsoft Visual Studio Solution File, Format Version 12.00
# Visual Studio Version 16
VisualStudioVersion = 16.0.32413.511
MinimumVisualStudioVersion = 10.0.40219.1
Project("{FAE04EC0-301F-11D3-BF4B-00C04F79EFBC}") = "Strings", "Strings\Strings.csproj", "{8CD01044-D54D-4803-AB14-EDE41FB64668}"
EndProject
Global
	GlobalSection(SolutionConfigurationPlatforms) = preSolution
		Debug|Any CPU = Debug|Any CPU
		Release|Any CPU = Release|Any CPU
	EndGlobalSection
	GlobalSection(ProjectConfigurationPlatforms) = postSolution
		{8CD01044-D54D-4803-AB14-EDE41FB64668}.Debug|Any CPU.ActiveCfg = Debug|Any CPU
		{8CD01044-D54D-4803-AB14-EDE41FB64668}.Debug|Any CPU.Build.0 = Debug|Any CPU
		{8CD01044-D54D-4803-AB14-EDE41FB64668}.Release|Any CPU.ActiveCfg = Release|Any CPU
		{8CD01044-D54D-4803-AB14-EDE41FB64668}.Release|Any CPU.Build.0 = Release|Any CPU
	EndGlobalSection
	GlobalSection(SolutionProperties) = preSolution
		HideSolutionNode = FALSE
	EndGlobalSection
	GlobalSection(ExtensibilityGlobals) = postSolution
		SolutionGuid = {3E94DFBD-CFDF-428D-AC94-E6BC3BE06BBD}
	EndGlobalSection
EndGlobal
